// !$*UTF8*$!
{
	archiveVersion = 1;
	classes = {
	};
	objectVersion = 56;
	objects = {

/* Begin PBXBuildFile section */
		2D80A782047F4245BDE06C99 /* Pods_WaktaverseMusic.framework in Frameworks */ = {isa = PBXBuildFile; fileRef = C1E728E9BE7836C7DEB44F36 /* Pods_WaktaverseMusic.framework */; };
		68AAECA8A903228AEEC32CA6 /* Pods_WaktaverseMusicTests.framework in Frameworks */ = {isa = PBXBuildFile; fileRef = 2E10D7544EB8C2F7482149ED /* Pods_WaktaverseMusicTests.framework */; };
		9D5863A64FA71124C5AD0D83 /* Pods_WaktaverseMusic_WaktaverseMusicUITests.framework in Frameworks */ = {isa = PBXBuildFile; fileRef = 7BFAD8D7852FD706318D8B0E /* Pods_WaktaverseMusic_WaktaverseMusicUITests.framework */; };
		D8A5A3AE2916377200F9FAA5 /* AppDelegate.swift in Sources */ = {isa = PBXBuildFile; fileRef = D8A5A3AD2916377200F9FAA5 /* AppDelegate.swift */; };
		D8A5A3B02916377200F9FAA5 /* SceneDelegate.swift in Sources */ = {isa = PBXBuildFile; fileRef = D8A5A3AF2916377200F9FAA5 /* SceneDelegate.swift */; };
		D8A5A3B22916377200F9FAA5 /* ViewController.swift in Sources */ = {isa = PBXBuildFile; fileRef = D8A5A3B12916377200F9FAA5 /* ViewController.swift */; };
		D8A5A3B52916377200F9FAA5 /* Main.storyboard in Resources */ = {isa = PBXBuildFile; fileRef = D8A5A3B32916377200F9FAA5 /* Main.storyboard */; };
		D8A5A3B72916377300F9FAA5 /* Assets.xcassets in Resources */ = {isa = PBXBuildFile; fileRef = D8A5A3B62916377300F9FAA5 /* Assets.xcassets */; };
		D8A5A3BA2916377300F9FAA5 /* LaunchScreen.storyboard in Resources */ = {isa = PBXBuildFile; fileRef = D8A5A3B82916377300F9FAA5 /* LaunchScreen.storyboard */; };
		D8A5A3C52916377300F9FAA5 /* WaktaverseMusicTests.swift in Sources */ = {isa = PBXBuildFile; fileRef = D8A5A3C42916377300F9FAA5 /* WaktaverseMusicTests.swift */; };
		D8A5A3CF2916377300F9FAA5 /* WaktaverseMusicUITests.swift in Sources */ = {isa = PBXBuildFile; fileRef = D8A5A3CE2916377300F9FAA5 /* WaktaverseMusicUITests.swift */; };
		D8A5A3D12916377300F9FAA5 /* WaktaverseMusicUITestsLaunchTests.swift in Sources */ = {isa = PBXBuildFile; fileRef = D8A5A3D02916377300F9FAA5 /* WaktaverseMusicUITestsLaunchTests.swift */; };
/* End PBXBuildFile section */

/* Begin PBXContainerItemProxy section */
		D8A5A3C12916377300F9FAA5 /* PBXContainerItemProxy */ = {
			isa = PBXContainerItemProxy;
			containerPortal = D8A5A3A22916377200F9FAA5 /* Project object */;
			proxyType = 1;
			remoteGlobalIDString = D8A5A3A92916377200F9FAA5;
			remoteInfo = WaktaverseMusic;
		};
		D8A5A3CB2916377300F9FAA5 /* PBXContainerItemProxy */ = {
			isa = PBXContainerItemProxy;
			containerPortal = D8A5A3A22916377200F9FAA5 /* Project object */;
			proxyType = 1;
			remoteGlobalIDString = D8A5A3A92916377200F9FAA5;
			remoteInfo = WaktaverseMusic;
		};
/* End PBXContainerItemProxy section */

/* Begin PBXFileReference section */
		003B45E47ED4540221B3DCB2 /* Pods-WaktaverseMusicTests.release.xcconfig */ = {isa = PBXFileReference; includeInIndex = 1; lastKnownFileType = text.xcconfig; name = "Pods-WaktaverseMusicTests.release.xcconfig"; path = "Target Support Files/Pods-WaktaverseMusicTests/Pods-WaktaverseMusicTests.release.xcconfig"; sourceTree = "<group>"; };
		04D4B7D37897A1B627C0280D /* Pods-WaktaverseMusic.debug.xcconfig */ = {isa = PBXFileReference; includeInIndex = 1; lastKnownFileType = text.xcconfig; name = "Pods-WaktaverseMusic.debug.xcconfig"; path = "Target Support Files/Pods-WaktaverseMusic/Pods-WaktaverseMusic.debug.xcconfig"; sourceTree = "<group>"; };
		17B67386B0A09B9942106F2A /* Pods-WaktaverseMusic-WaktaverseMusicUITests.release.xcconfig */ = {isa = PBXFileReference; includeInIndex = 1; lastKnownFileType = text.xcconfig; name = "Pods-WaktaverseMusic-WaktaverseMusicUITests.release.xcconfig"; path = "Target Support Files/Pods-WaktaverseMusic-WaktaverseMusicUITests/Pods-WaktaverseMusic-WaktaverseMusicUITests.release.xcconfig"; sourceTree = "<group>"; };
		2E10D7544EB8C2F7482149ED /* Pods_WaktaverseMusicTests.framework */ = {isa = PBXFileReference; explicitFileType = wrapper.framework; includeInIndex = 0; path = Pods_WaktaverseMusicTests.framework; sourceTree = BUILT_PRODUCTS_DIR; };
		5D368FB4B9B6D2D2F80C8C4E /* Pods-WaktaverseMusic-WaktaverseMusicUITests.debug.xcconfig */ = {isa = PBXFileReference; includeInIndex = 1; lastKnownFileType = text.xcconfig; name = "Pods-WaktaverseMusic-WaktaverseMusicUITests.debug.xcconfig"; path = "Target Support Files/Pods-WaktaverseMusic-WaktaverseMusicUITests/Pods-WaktaverseMusic-WaktaverseMusicUITests.debug.xcconfig"; sourceTree = "<group>"; };
		7BFAD8D7852FD706318D8B0E /* Pods_WaktaverseMusic_WaktaverseMusicUITests.framework */ = {isa = PBXFileReference; explicitFileType = wrapper.framework; includeInIndex = 0; path = Pods_WaktaverseMusic_WaktaverseMusicUITests.framework; sourceTree = BUILT_PRODUCTS_DIR; };
		C1E728E9BE7836C7DEB44F36 /* Pods_WaktaverseMusic.framework */ = {isa = PBXFileReference; explicitFileType = wrapper.framework; includeInIndex = 0; path = Pods_WaktaverseMusic.framework; sourceTree = BUILT_PRODUCTS_DIR; };
		D445122D689F6AE5F7D6E76D /* Pods-WaktaverseMusicTests.debug.xcconfig */ = {isa = PBXFileReference; includeInIndex = 1; lastKnownFileType = text.xcconfig; name = "Pods-WaktaverseMusicTests.debug.xcconfig"; path = "Target Support Files/Pods-WaktaverseMusicTests/Pods-WaktaverseMusicTests.debug.xcconfig"; sourceTree = "<group>"; };
		D8A5A3AA2916377200F9FAA5 /* WaktaverseMusic.app */ = {isa = PBXFileReference; explicitFileType = wrapper.application; includeInIndex = 0; path = WaktaverseMusic.app; sourceTree = BUILT_PRODUCTS_DIR; };
		D8A5A3AD2916377200F9FAA5 /* AppDelegate.swift */ = {isa = PBXFileReference; lastKnownFileType = sourcecode.swift; path = AppDelegate.swift; sourceTree = "<group>"; };
		D8A5A3AF2916377200F9FAA5 /* SceneDelegate.swift */ = {isa = PBXFileReference; lastKnownFileType = sourcecode.swift; path = SceneDelegate.swift; sourceTree = "<group>"; };
		D8A5A3B12916377200F9FAA5 /* ViewController.swift */ = {isa = PBXFileReference; lastKnownFileType = sourcecode.swift; path = ViewController.swift; sourceTree = "<group>"; };
		D8A5A3B42916377200F9FAA5 /* Base */ = {isa = PBXFileReference; lastKnownFileType = file.storyboard; name = Base; path = Base.lproj/Main.storyboard; sourceTree = "<group>"; };
		D8A5A3B62916377300F9FAA5 /* Assets.xcassets */ = {isa = PBXFileReference; lastKnownFileType = folder.assetcatalog; path = Assets.xcassets; sourceTree = "<group>"; };
		D8A5A3B92916377300F9FAA5 /* Base */ = {isa = PBXFileReference; lastKnownFileType = file.storyboard; name = Base; path = Base.lproj/LaunchScreen.storyboard; sourceTree = "<group>"; };
		D8A5A3BB2916377300F9FAA5 /* Info.plist */ = {isa = PBXFileReference; lastKnownFileType = text.plist.xml; path = Info.plist; sourceTree = "<group>"; };
		D8A5A3C02916377300F9FAA5 /* WaktaverseMusicTests.xctest */ = {isa = PBXFileReference; explicitFileType = wrapper.cfbundle; includeInIndex = 0; path = WaktaverseMusicTests.xctest; sourceTree = BUILT_PRODUCTS_DIR; };
		D8A5A3C42916377300F9FAA5 /* WaktaverseMusicTests.swift */ = {isa = PBXFileReference; lastKnownFileType = sourcecode.swift; path = WaktaverseMusicTests.swift; sourceTree = "<group>"; };
		D8A5A3CA2916377300F9FAA5 /* WaktaverseMusicUITests.xctest */ = {isa = PBXFileReference; explicitFileType = wrapper.cfbundle; includeInIndex = 0; path = WaktaverseMusicUITests.xctest; sourceTree = BUILT_PRODUCTS_DIR; };
		D8A5A3CE2916377300F9FAA5 /* WaktaverseMusicUITests.swift */ = {isa = PBXFileReference; lastKnownFileType = sourcecode.swift; path = WaktaverseMusicUITests.swift; sourceTree = "<group>"; };
		D8A5A3D02916377300F9FAA5 /* WaktaverseMusicUITestsLaunchTests.swift */ = {isa = PBXFileReference; lastKnownFileType = sourcecode.swift; path = WaktaverseMusicUITestsLaunchTests.swift; sourceTree = "<group>"; };
		F46CB1701B521BDFECDB888E /* Pods-WaktaverseMusic.release.xcconfig */ = {isa = PBXFileReference; includeInIndex = 1; lastKnownFileType = text.xcconfig; name = "Pods-WaktaverseMusic.release.xcconfig"; path = "Target Support Files/Pods-WaktaverseMusic/Pods-WaktaverseMusic.release.xcconfig"; sourceTree = "<group>"; };
/* End PBXFileReference section */

/* Begin PBXFrameworksBuildPhase section */
		D8A5A3A72916377200F9FAA5 /* Frameworks */ = {
			isa = PBXFrameworksBuildPhase;
			buildActionMask = 2147483647;
			files = (
				2D80A782047F4245BDE06C99 /* Pods_WaktaverseMusic.framework in Frameworks */,
			);
			runOnlyForDeploymentPostprocessing = 0;
		};
		D8A5A3BD2916377300F9FAA5 /* Frameworks */ = {
			isa = PBXFrameworksBuildPhase;
			buildActionMask = 2147483647;
			files = (
				68AAECA8A903228AEEC32CA6 /* Pods_WaktaverseMusicTests.framework in Frameworks */,
			);
			runOnlyForDeploymentPostprocessing = 0;
		};
		D8A5A3C72916377300F9FAA5 /* Frameworks */ = {
			isa = PBXFrameworksBuildPhase;
			buildActionMask = 2147483647;
			files = (
				9D5863A64FA71124C5AD0D83 /* Pods_WaktaverseMusic_WaktaverseMusicUITests.framework in Frameworks */,
			);
			runOnlyForDeploymentPostprocessing = 0;
		};
/* End PBXFrameworksBuildPhase section */

/* Begin PBXGroup section */
		2A0561CAC94FEA48DD4855C0 /* Pods */ = {
			isa = PBXGroup;
			children = (
				04D4B7D37897A1B627C0280D /* Pods-WaktaverseMusic.debug.xcconfig */,
				F46CB1701B521BDFECDB888E /* Pods-WaktaverseMusic.release.xcconfig */,
				5D368FB4B9B6D2D2F80C8C4E /* Pods-WaktaverseMusic-WaktaverseMusicUITests.debug.xcconfig */,
				17B67386B0A09B9942106F2A /* Pods-WaktaverseMusic-WaktaverseMusicUITests.release.xcconfig */,
				D445122D689F6AE5F7D6E76D /* Pods-WaktaverseMusicTests.debug.xcconfig */,
				003B45E47ED4540221B3DCB2 /* Pods-WaktaverseMusicTests.release.xcconfig */,
			);
			name = Pods;
			path = Pods;
			sourceTree = "<group>";
		};
		B34198B77511BB9E6251DC72 /* Frameworks */ = {
			isa = PBXGroup;
			children = (
				C1E728E9BE7836C7DEB44F36 /* Pods_WaktaverseMusic.framework */,
				7BFAD8D7852FD706318D8B0E /* Pods_WaktaverseMusic_WaktaverseMusicUITests.framework */,
				2E10D7544EB8C2F7482149ED /* Pods_WaktaverseMusicTests.framework */,
			);
			name = Frameworks;
			sourceTree = "<group>";
		};
		D8A5A3A12916377200F9FAA5 = {
			isa = PBXGroup;
			children = (
				D8A5A3AC2916377200F9FAA5 /* WaktaverseMusic */,
				D8A5A3C32916377300F9FAA5 /* WaktaverseMusicTests */,
				D8A5A3CD2916377300F9FAA5 /* WaktaverseMusicUITests */,
				D8A5A3AB2916377200F9FAA5 /* Products */,
				2A0561CAC94FEA48DD4855C0 /* Pods */,
				B34198B77511BB9E6251DC72 /* Frameworks */,
			);
			sourceTree = "<group>";
		};
		D8A5A3AB2916377200F9FAA5 /* Products */ = {
			isa = PBXGroup;
			children = (
				D8A5A3AA2916377200F9FAA5 /* WaktaverseMusic.app */,
				D8A5A3C02916377300F9FAA5 /* WaktaverseMusicTests.xctest */,
				D8A5A3CA2916377300F9FAA5 /* WaktaverseMusicUITests.xctest */,
			);
			name = Products;
			sourceTree = "<group>";
		};
		D8A5A3AC2916377200F9FAA5 /* WaktaverseMusic */ = {
			isa = PBXGroup;
			children = (
				D8A5A3AD2916377200F9FAA5 /* AppDelegate.swift */,
				D8A5A3AF2916377200F9FAA5 /* SceneDelegate.swift */,
				D8A5A3B12916377200F9FAA5 /* ViewController.swift */,
				D8A5A3B32916377200F9FAA5 /* Main.storyboard */,
				D8A5A3B62916377300F9FAA5 /* Assets.xcassets */,
				D8A5A3B82916377300F9FAA5 /* LaunchScreen.storyboard */,
				D8A5A3BB2916377300F9FAA5 /* Info.plist */,
			);
			path = WaktaverseMusic;
			sourceTree = "<group>";
		};
		D8A5A3C32916377300F9FAA5 /* WaktaverseMusicTests */ = {
			isa = PBXGroup;
			children = (
				D8A5A3C42916377300F9FAA5 /* WaktaverseMusicTests.swift */,
			);
			path = WaktaverseMusicTests;
			sourceTree = "<group>";
		};
		D8A5A3CD2916377300F9FAA5 /* WaktaverseMusicUITests */ = {
			isa = PBXGroup;
			children = (
				D8A5A3CE2916377300F9FAA5 /* WaktaverseMusicUITests.swift */,
				D8A5A3D02916377300F9FAA5 /* WaktaverseMusicUITestsLaunchTests.swift */,
			);
			path = WaktaverseMusicUITests;
			sourceTree = "<group>";
		};
/* End PBXGroup section */

/* Begin PBXNativeTarget section */
		D8A5A3A92916377200F9FAA5 /* WaktaverseMusic */ = {
			isa = PBXNativeTarget;
			buildConfigurationList = D8A5A3D42916377300F9FAA5 /* Build configuration list for PBXNativeTarget "WaktaverseMusic" */;
			buildPhases = (
				048CB2CE779BCAFA728630BD /* [CP] Check Pods Manifest.lock */,
				D8A5A3A62916377200F9FAA5 /* Sources */,
				D8A5A3A72916377200F9FAA5 /* Frameworks */,
				D8A5A3A82916377200F9FAA5 /* Resources */,
			);
			buildRules = (
			);
			dependencies = (
			);
			name = WaktaverseMusic;
			productName = WaktaverseMusic;
			productReference = D8A5A3AA2916377200F9FAA5 /* WaktaverseMusic.app */;
			productType = "com.apple.product-type.application";
		};
		D8A5A3BF2916377300F9FAA5 /* WaktaverseMusicTests */ = {
			isa = PBXNativeTarget;
			buildConfigurationList = D8A5A3D72916377300F9FAA5 /* Build configuration list for PBXNativeTarget "WaktaverseMusicTests" */;
			buildPhases = (
				B124635A8C4F17CFA95CE4F5 /* [CP] Check Pods Manifest.lock */,
				D8A5A3BC2916377300F9FAA5 /* Sources */,
				D8A5A3BD2916377300F9FAA5 /* Frameworks */,
				D8A5A3BE2916377300F9FAA5 /* Resources */,
			);
			buildRules = (
			);
			dependencies = (
				D8A5A3C22916377300F9FAA5 /* PBXTargetDependency */,
			);
			name = WaktaverseMusicTests;
			productName = WaktaverseMusicTests;
			productReference = D8A5A3C02916377300F9FAA5 /* WaktaverseMusicTests.xctest */;
			productType = "com.apple.product-type.bundle.unit-test";
		};
		D8A5A3C92916377300F9FAA5 /* WaktaverseMusicUITests */ = {
			isa = PBXNativeTarget;
			buildConfigurationList = D8A5A3DA2916377300F9FAA5 /* Build configuration list for PBXNativeTarget "WaktaverseMusicUITests" */;
			buildPhases = (
				A507FE64CB270FF85B98F84B /* [CP] Check Pods Manifest.lock */,
				D8A5A3C62916377300F9FAA5 /* Sources */,
				D8A5A3C72916377300F9FAA5 /* Frameworks */,
				D8A5A3C82916377300F9FAA5 /* Resources */,
			);
			buildRules = (
			);
			dependencies = (
				D8A5A3CC2916377300F9FAA5 /* PBXTargetDependency */,
			);
			name = WaktaverseMusicUITests;
			productName = WaktaverseMusicUITests;
			productReference = D8A5A3CA2916377300F9FAA5 /* WaktaverseMusicUITests.xctest */;
			productType = "com.apple.product-type.bundle.ui-testing";
		};
/* End PBXNativeTarget section */

/* Begin PBXProject section */
		D8A5A3A22916377200F9FAA5 /* Project object */ = {
			isa = PBXProject;
			attributes = {
				BuildIndependentTargetsInParallel = 1;
				LastSwiftUpdateCheck = 1400;
				LastUpgradeCheck = 1400;
				TargetAttributes = {
					D8A5A3A92916377200F9FAA5 = {
						CreatedOnToolsVersion = 14.0.1;
					};
					D8A5A3BF2916377300F9FAA5 = {
						CreatedOnToolsVersion = 14.0.1;
						TestTargetID = D8A5A3A92916377200F9FAA5;
					};
					D8A5A3C92916377300F9FAA5 = {
						CreatedOnToolsVersion = 14.0.1;
						TestTargetID = D8A5A3A92916377200F9FAA5;
					};
				};
			};
			buildConfigurationList = D8A5A3A52916377200F9FAA5 /* Build configuration list for PBXProject "WaktaverseMusic" */;
			compatibilityVersion = "Xcode 14.0";
			developmentRegion = en;
			hasScannedForEncodings = 0;
			knownRegions = (
				en,
				Base,
			);
			mainGroup = D8A5A3A12916377200F9FAA5;
			productRefGroup = D8A5A3AB2916377200F9FAA5 /* Products */;
			projectDirPath = "";
			projectRoot = "";
			targets = (
				D8A5A3A92916377200F9FAA5 /* WaktaverseMusic */,
				D8A5A3BF2916377300F9FAA5 /* WaktaverseMusicTests */,
				D8A5A3C92916377300F9FAA5 /* WaktaverseMusicUITests */,
			);
		};
/* End PBXProject section */

/* Begin PBXResourcesBuildPhase section */
		D8A5A3A82916377200F9FAA5 /* Resources */ = {
			isa = PBXResourcesBuildPhase;
			buildActionMask = 2147483647;
			files = (
				D8A5A3BA2916377300F9FAA5 /* LaunchScreen.storyboard in Resources */,
				D8A5A3B72916377300F9FAA5 /* Assets.xcassets in Resources */,
				D8A5A3B52916377200F9FAA5 /* Main.storyboard in Resources */,
			);
			runOnlyForDeploymentPostprocessing = 0;
		};
		D8A5A3BE2916377300F9FAA5 /* Resources */ = {
			isa = PBXResourcesBuildPhase;
			buildActionMask = 2147483647;
			files = (
			);
			runOnlyForDeploymentPostprocessing = 0;
		};
		D8A5A3C82916377300F9FAA5 /* Resources */ = {
			isa = PBXResourcesBuildPhase;
			buildActionMask = 2147483647;
			files = (
			);
			runOnlyForDeploymentPostprocessing = 0;
		};
/* End PBXResourcesBuildPhase section */

/* Begin PBXShellScriptBuildPhase section */
		048CB2CE779BCAFA728630BD /* [CP] Check Pods Manifest.lock */ = {
			isa = PBXShellScriptBuildPhase;
			buildActionMask = 2147483647;
			files = (
			);
			inputFileListPaths = (
			);
			inputPaths = (
				"${PODS_PODFILE_DIR_PATH}/Podfile.lock",
				"${PODS_ROOT}/Manifest.lock",
			);
			name = "[CP] Check Pods Manifest.lock";
			outputFileListPaths = (
			);
			outputPaths = (
				"$(DERIVED_FILE_DIR)/Pods-WaktaverseMusic-checkManifestLockResult.txt",
			);
			runOnlyForDeploymentPostprocessing = 0;
			shellPath = /bin/sh;
			shellScript = "diff \"${PODS_PODFILE_DIR_PATH}/Podfile.lock\" \"${PODS_ROOT}/Manifest.lock\" > /dev/null\nif [ $? != 0 ] ; then\n    # print error to STDERR\n    echo \"error: The sandbox is not in sync with the Podfile.lock. Run 'pod install' or update your CocoaPods installation.\" >&2\n    exit 1\nfi\n# This output is used by Xcode 'outputs' to avoid re-running this script phase.\necho \"SUCCESS\" > \"${SCRIPT_OUTPUT_FILE_0}\"\n";
			showEnvVarsInLog = 0;
		};
		A507FE64CB270FF85B98F84B /* [CP] Check Pods Manifest.lock */ = {
			isa = PBXShellScriptBuildPhase;
			buildActionMask = 2147483647;
			files = (
			);
			inputFileListPaths = (
			);
			inputPaths = (
				"${PODS_PODFILE_DIR_PATH}/Podfile.lock",
				"${PODS_ROOT}/Manifest.lock",
			);
			name = "[CP] Check Pods Manifest.lock";
			outputFileListPaths = (
			);
			outputPaths = (
				"$(DERIVED_FILE_DIR)/Pods-WaktaverseMusic-WaktaverseMusicUITests-checkManifestLockResult.txt",
			);
			runOnlyForDeploymentPostprocessing = 0;
			shellPath = /bin/sh;
			shellScript = "diff \"${PODS_PODFILE_DIR_PATH}/Podfile.lock\" \"${PODS_ROOT}/Manifest.lock\" > /dev/null\nif [ $? != 0 ] ; then\n    # print error to STDERR\n    echo \"error: The sandbox is not in sync with the Podfile.lock. Run 'pod install' or update your CocoaPods installation.\" >&2\n    exit 1\nfi\n# This output is used by Xcode 'outputs' to avoid re-running this script phase.\necho \"SUCCESS\" > \"${SCRIPT_OUTPUT_FILE_0}\"\n";
			showEnvVarsInLog = 0;
		};
		B124635A8C4F17CFA95CE4F5 /* [CP] Check Pods Manifest.lock */ = {
			isa = PBXShellScriptBuildPhase;
			buildActionMask = 2147483647;
			files = (
			);
			inputFileListPaths = (
			);
			inputPaths = (
				"${PODS_PODFILE_DIR_PATH}/Podfile.lock",
				"${PODS_ROOT}/Manifest.lock",
			);
			name = "[CP] Check Pods Manifest.lock";
			outputFileListPaths = (
			);
			outputPaths = (
				"$(DERIVED_FILE_DIR)/Pods-WaktaverseMusicTests-checkManifestLockResult.txt",
			);
			runOnlyForDeploymentPostprocessing = 0;
			shellPath = /bin/sh;
			shellScript = "diff \"${PODS_PODFILE_DIR_PATH}/Podfile.lock\" \"${PODS_ROOT}/Manifest.lock\" > /dev/null\nif [ $? != 0 ] ; then\n    # print error to STDERR\n    echo \"error: The sandbox is not in sync with the Podfile.lock. Run 'pod install' or update your CocoaPods installation.\" >&2\n    exit 1\nfi\n# This output is used by Xcode 'outputs' to avoid re-running this script phase.\necho \"SUCCESS\" > \"${SCRIPT_OUTPUT_FILE_0}\"\n";
			showEnvVarsInLog = 0;
		};
/* End PBXShellScriptBuildPhase section */

/* Begin PBXSourcesBuildPhase section */
		D8A5A3A62916377200F9FAA5 /* Sources */ = {
			isa = PBXSourcesBuildPhase;
			buildActionMask = 2147483647;
			files = (
				D8A5A3B22916377200F9FAA5 /* ViewController.swift in Sources */,
				D8A5A3AE2916377200F9FAA5 /* AppDelegate.swift in Sources */,
				D8A5A3B02916377200F9FAA5 /* SceneDelegate.swift in Sources */,
			);
			runOnlyForDeploymentPostprocessing = 0;
		};
		D8A5A3BC2916377300F9FAA5 /* Sources */ = {
			isa = PBXSourcesBuildPhase;
			buildActionMask = 2147483647;
			files = (
				D8A5A3C52916377300F9FAA5 /* WaktaverseMusicTests.swift in Sources */,
			);
			runOnlyForDeploymentPostprocessing = 0;
		};
		D8A5A3C62916377300F9FAA5 /* Sources */ = {
			isa = PBXSourcesBuildPhase;
			buildActionMask = 2147483647;
			files = (
				D8A5A3CF2916377300F9FAA5 /* WaktaverseMusicUITests.swift in Sources */,
				D8A5A3D12916377300F9FAA5 /* WaktaverseMusicUITestsLaunchTests.swift in Sources */,
			);
			runOnlyForDeploymentPostprocessing = 0;
		};
/* End PBXSourcesBuildPhase section */

/* Begin PBXTargetDependency section */
		D8A5A3C22916377300F9FAA5 /* PBXTargetDependency */ = {
			isa = PBXTargetDependency;
			target = D8A5A3A92916377200F9FAA5 /* WaktaverseMusic */;
			targetProxy = D8A5A3C12916377300F9FAA5 /* PBXContainerItemProxy */;
		};
		D8A5A3CC2916377300F9FAA5 /* PBXTargetDependency */ = {
			isa = PBXTargetDependency;
			target = D8A5A3A92916377200F9FAA5 /* WaktaverseMusic */;
			targetProxy = D8A5A3CB2916377300F9FAA5 /* PBXContainerItemProxy */;
		};
/* End PBXTargetDependency section */

/* Begin PBXVariantGroup section */
		D8A5A3B32916377200F9FAA5 /* Main.storyboard */ = {
			isa = PBXVariantGroup;
			children = (
				D8A5A3B42916377200F9FAA5 /* Base */,
			);
			name = Main.storyboard;
			sourceTree = "<group>";
		};
		D8A5A3B82916377300F9FAA5 /* LaunchScreen.storyboard */ = {
			isa = PBXVariantGroup;
			children = (
				D8A5A3B92916377300F9FAA5 /* Base */,
			);
			name = LaunchScreen.storyboard;
			sourceTree = "<group>";
		};
/* End PBXVariantGroup section */

/* Begin XCBuildConfiguration section */
		D8A5A3D22916377300F9FAA5 /* Debug */ = {
			isa = XCBuildConfiguration;
			buildSettings = {
				ALWAYS_SEARCH_USER_PATHS = NO;
				CLANG_ANALYZER_NONNULL = YES;
				CLANG_ANALYZER_NUMBER_OBJECT_CONVERSION = YES_AGGRESSIVE;
				CLANG_CXX_LANGUAGE_STANDARD = "gnu++20";
				CLANG_ENABLE_MODULES = YES;
				CLANG_ENABLE_OBJC_ARC = YES;
				CLANG_ENABLE_OBJC_WEAK = YES;
				CLANG_WARN_BLOCK_CAPTURE_AUTORELEASING = YES;
				CLANG_WARN_BOOL_CONVERSION = YES;
				CLANG_WARN_COMMA = YES;
				CLANG_WARN_CONSTANT_CONVERSION = YES;
				CLANG_WARN_DEPRECATED_OBJC_IMPLEMENTATIONS = YES;
				CLANG_WARN_DIRECT_OBJC_ISA_USAGE = YES_ERROR;
				CLANG_WARN_DOCUMENTATION_COMMENTS = YES;
				CLANG_WARN_EMPTY_BODY = YES;
				CLANG_WARN_ENUM_CONVERSION = YES;
				CLANG_WARN_INFINITE_RECURSION = YES;
				CLANG_WARN_INT_CONVERSION = YES;
				CLANG_WARN_NON_LITERAL_NULL_CONVERSION = YES;
				CLANG_WARN_OBJC_IMPLICIT_RETAIN_SELF = YES;
				CLANG_WARN_OBJC_LITERAL_CONVERSION = YES;
				CLANG_WARN_OBJC_ROOT_CLASS = YES_ERROR;
				CLANG_WARN_QUOTED_INCLUDE_IN_FRAMEWORK_HEADER = YES;
				CLANG_WARN_RANGE_LOOP_ANALYSIS = YES;
				CLANG_WARN_STRICT_PROTOTYPES = YES;
				CLANG_WARN_SUSPICIOUS_MOVE = YES;
				CLANG_WARN_UNGUARDED_AVAILABILITY = YES_AGGRESSIVE;
				CLANG_WARN_UNREACHABLE_CODE = YES;
				CLANG_WARN__DUPLICATE_METHOD_MATCH = YES;
				COPY_PHASE_STRIP = NO;
				DEBUG_INFORMATION_FORMAT = dwarf;
				ENABLE_STRICT_OBJC_MSGSEND = YES;
				ENABLE_TESTABILITY = YES;
				GCC_C_LANGUAGE_STANDARD = gnu11;
				GCC_DYNAMIC_NO_PIC = NO;
				GCC_NO_COMMON_BLOCKS = YES;
				GCC_OPTIMIZATION_LEVEL = 0;
				GCC_PREPROCESSOR_DEFINITIONS = (
					"DEBUG=1",
					"$(inherited)",
				);
				GCC_WARN_64_TO_32_BIT_CONVERSION = YES;
				GCC_WARN_ABOUT_RETURN_TYPE = YES_ERROR;
				GCC_WARN_UNDECLARED_SELECTOR = YES;
				GCC_WARN_UNINITIALIZED_AUTOS = YES_AGGRESSIVE;
				GCC_WARN_UNUSED_FUNCTION = YES;
				GCC_WARN_UNUSED_VARIABLE = YES;
				IPHONEOS_DEPLOYMENT_TARGET = 16.0;
				MTL_ENABLE_DEBUG_INFO = INCLUDE_SOURCE;
				MTL_FAST_MATH = YES;
				ONLY_ACTIVE_ARCH = YES;
				SDKROOT = iphoneos;
				SWIFT_ACTIVE_COMPILATION_CONDITIONS = DEBUG;
				SWIFT_OPTIMIZATION_LEVEL = "-Onone";
			};
			name = Debug;
		};
		D8A5A3D32916377300F9FAA5 /* Release */ = {
			isa = XCBuildConfiguration;
			buildSettings = {
				ALWAYS_SEARCH_USER_PATHS = NO;
				CLANG_ANALYZER_NONNULL = YES;
				CLANG_ANALYZER_NUMBER_OBJECT_CONVERSION = YES_AGGRESSIVE;
				CLANG_CXX_LANGUAGE_STANDARD = "gnu++20";
				CLANG_ENABLE_MODULES = YES;
				CLANG_ENABLE_OBJC_ARC = YES;
				CLANG_ENABLE_OBJC_WEAK = YES;
				CLANG_WARN_BLOCK_CAPTURE_AUTORELEASING = YES;
				CLANG_WARN_BOOL_CONVERSION = YES;
				CLANG_WARN_COMMA = YES;
				CLANG_WARN_CONSTANT_CONVERSION = YES;
				CLANG_WARN_DEPRECATED_OBJC_IMPLEMENTATIONS = YES;
				CLANG_WARN_DIRECT_OBJC_ISA_USAGE = YES_ERROR;
				CLANG_WARN_DOCUMENTATION_COMMENTS = YES;
				CLANG_WARN_EMPTY_BODY = YES;
				CLANG_WARN_ENUM_CONVERSION = YES;
				CLANG_WARN_INFINITE_RECURSION = YES;
				CLANG_WARN_INT_CONVERSION = YES;
				CLANG_WARN_NON_LITERAL_NULL_CONVERSION = YES;
				CLANG_WARN_OBJC_IMPLICIT_RETAIN_SELF = YES;
				CLANG_WARN_OBJC_LITERAL_CONVERSION = YES;
				CLANG_WARN_OBJC_ROOT_CLASS = YES_ERROR;
				CLANG_WARN_QUOTED_INCLUDE_IN_FRAMEWORK_HEADER = YES;
				CLANG_WARN_RANGE_LOOP_ANALYSIS = YES;
				CLANG_WARN_STRICT_PROTOTYPES = YES;
				CLANG_WARN_SUSPICIOUS_MOVE = YES;
				CLANG_WARN_UNGUARDED_AVAILABILITY = YES_AGGRESSIVE;
				CLANG_WARN_UNREACHABLE_CODE = YES;
				CLANG_WARN__DUPLICATE_METHOD_MATCH = YES;
				COPY_PHASE_STRIP = NO;
				DEBUG_INFORMATION_FORMAT = "dwarf-with-dsym";
				ENABLE_NS_ASSERTIONS = NO;
				ENABLE_STRICT_OBJC_MSGSEND = YES;
				GCC_C_LANGUAGE_STANDARD = gnu11;
				GCC_NO_COMMON_BLOCKS = YES;
				GCC_WARN_64_TO_32_BIT_CONVERSION = YES;
				GCC_WARN_ABOUT_RETURN_TYPE = YES_ERROR;
				GCC_WARN_UNDECLARED_SELECTOR = YES;
				GCC_WARN_UNINITIALIZED_AUTOS = YES_AGGRESSIVE;
				GCC_WARN_UNUSED_FUNCTION = YES;
				GCC_WARN_UNUSED_VARIABLE = YES;
				IPHONEOS_DEPLOYMENT_TARGET = 16.0;
				MTL_ENABLE_DEBUG_INFO = NO;
				MTL_FAST_MATH = YES;
				SDKROOT = iphoneos;
				SWIFT_COMPILATION_MODE = wholemodule;
				SWIFT_OPTIMIZATION_LEVEL = "-O";
				VALIDATE_PRODUCT = YES;
			};
			name = Release;
		};
		D8A5A3D52916377300F9FAA5 /* Debug */ = {
			isa = XCBuildConfiguration;
			baseConfigurationReference = 04D4B7D37897A1B627C0280D /* Pods-WaktaverseMusic.debug.xcconfig */;
			buildSettings = {
				ASSETCATALOG_COMPILER_APPICON_NAME = AppIcon;
				ASSETCATALOG_COMPILER_GLOBAL_ACCENT_COLOR_NAME = AccentColor;
				CODE_SIGN_STYLE = Automatic;
				CURRENT_PROJECT_VERSION = 1;
				DEVELOPMENT_TEAM = 28NL63HBTJ;
				GENERATE_INFOPLIST_FILE = YES;
				INFOPLIST_FILE = WaktaverseMusic/Info.plist;
				INFOPLIST_KEY_CFBundleDisplayName = "왁타버스 뮤직";
				INFOPLIST_KEY_LSApplicationCategoryType = "public.app-category.music";
				INFOPLIST_KEY_UIApplicationSupportsIndirectInputEvents = YES;
				INFOPLIST_KEY_UILaunchStoryboardName = LaunchScreen.storyboard;
				INFOPLIST_KEY_UIMainStoryboardFile = Main;
				INFOPLIST_KEY_UISupportedInterfaceOrientations = UIInterfaceOrientationPortrait;
				INFOPLIST_KEY_UISupportedInterfaceOrientations_iPad = "UIInterfaceOrientationLandscapeLeft UIInterfaceOrientationLandscapeRight UIInterfaceOrientationPortrait UIInterfaceOrientationPortraitUpsideDown";
				IPHONEOS_DEPLOYMENT_TARGET = 15.5;
				LD_RUNPATH_SEARCH_PATHS = (
					"$(inherited)",
					"@executable_path/Frameworks",
				);
				MARKETING_VERSION = 2.0.0;
				PRODUCT_BUNDLE_IDENTIFIER = yongbeomkwak.Billboardoo;
				PRODUCT_NAME = "$(TARGET_NAME)";
				SUPPORTED_PLATFORMS = "iphoneos iphonesimulator";
				SUPPORTS_MACCATALYST = NO;
				SUPPORTS_MAC_DESIGNED_FOR_IPHONE_IPAD = YES;
				SWIFT_EMIT_LOC_STRINGS = YES;
				SWIFT_VERSION = 5.0;
				TARGETED_DEVICE_FAMILY = 1;
			};
			name = Debug;
		};
		D8A5A3D62916377300F9FAA5 /* Release */ = {
			isa = XCBuildConfiguration;
			baseConfigurationReference = F46CB1701B521BDFECDB888E /* Pods-WaktaverseMusic.release.xcconfig */;
			buildSettings = {
				ASSETCATALOG_COMPILER_APPICON_NAME = AppIcon;
				ASSETCATALOG_COMPILER_GLOBAL_ACCENT_COLOR_NAME = AccentColor;
				CODE_SIGN_STYLE = Automatic;
				CURRENT_PROJECT_VERSION = 1;
				DEVELOPMENT_TEAM = 28NL63HBTJ;
				GENERATE_INFOPLIST_FILE = YES;
				INFOPLIST_FILE = WaktaverseMusic/Info.plist;
				INFOPLIST_KEY_CFBundleDisplayName = "왁타버스 뮤직";
				INFOPLIST_KEY_LSApplicationCategoryType = "public.app-category.music";
				INFOPLIST_KEY_UIApplicationSupportsIndirectInputEvents = YES;
				INFOPLIST_KEY_UILaunchStoryboardName = LaunchScreen.storyboard;
				INFOPLIST_KEY_UIMainStoryboardFile = Main;
				INFOPLIST_KEY_UISupportedInterfaceOrientations = UIInterfaceOrientationPortrait;
				INFOPLIST_KEY_UISupportedInterfaceOrientations_iPad = "UIInterfaceOrientationLandscapeLeft UIInterfaceOrientationLandscapeRight UIInterfaceOrientationPortrait UIInterfaceOrientationPortraitUpsideDown";
				IPHONEOS_DEPLOYMENT_TARGET = 15.5;
				LD_RUNPATH_SEARCH_PATHS = (
					"$(inherited)",
					"@executable_path/Frameworks",
				);
				MARKETING_VERSION = 2.0.0;
				PRODUCT_BUNDLE_IDENTIFIER = yongbeomkwak.Billboardoo;
				PRODUCT_NAME = "$(TARGET_NAME)";
				SUPPORTED_PLATFORMS = "iphoneos iphonesimulator";
				SUPPORTS_MACCATALYST = NO;
				SUPPORTS_MAC_DESIGNED_FOR_IPHONE_IPAD = YES;
				SWIFT_EMIT_LOC_STRINGS = YES;
				SWIFT_VERSION = 5.0;
				TARGETED_DEVICE_FAMILY = 1;
			};
			name = Release;
		};
		D8A5A3D82916377300F9FAA5 /* Debug */ = {
			isa = XCBuildConfiguration;
			baseConfigurationReference = D445122D689F6AE5F7D6E76D /* Pods-WaktaverseMusicTests.debug.xcconfig */;
			buildSettings = {
				ALWAYS_EMBED_SWIFT_STANDARD_LIBRARIES = YES;
				BUNDLE_LOADER = "$(TEST_HOST)";
				CODE_SIGN_STYLE = Automatic;
				CURRENT_PROJECT_VERSION = 1;
				DEVELOPMENT_TEAM = 28NL63HBTJ;
				GENERATE_INFOPLIST_FILE = YES;
				IPHONEOS_DEPLOYMENT_TARGET = 16.0;
				MARKETING_VERSION = 1.0;
				PRODUCT_BUNDLE_IDENTIFIER = com.yongbeomkwak.WaktaverseMusicTests;
				PRODUCT_NAME = "$(TARGET_NAME)";
				SWIFT_EMIT_LOC_STRINGS = NO;
				SWIFT_VERSION = 5.0;
				TARGETED_DEVICE_FAMILY = "1,2";
				TEST_HOST = "$(BUILT_PRODUCTS_DIR)/WaktaverseMusic.app/$(BUNDLE_EXECUTABLE_FOLDER_PATH)/WaktaverseMusic";
			};
			name = Debug;
		};
		D8A5A3D92916377300F9FAA5 /* Release */ = {
			isa = XCBuildConfiguration;
			baseConfigurationReference = 003B45E47ED4540221B3DCB2 /* Pods-WaktaverseMusicTests.release.xcconfig */;
			buildSettings = {
				ALWAYS_EMBED_SWIFT_STANDARD_LIBRARIES = YES;
				BUNDLE_LOADER = "$(TEST_HOST)";
				CODE_SIGN_STYLE = Automatic;
				CURRENT_PROJECT_VERSION = 1;
				DEVELOPMENT_TEAM = 28NL63HBTJ;
				GENERATE_INFOPLIST_FILE = YES;
				IPHONEOS_DEPLOYMENT_TARGET = 16.0;
				MARKETING_VERSION = 1.0;
				PRODUCT_BUNDLE_IDENTIFIER = com.yongbeomkwak.WaktaverseMusicTests;
				PRODUCT_NAME = "$(TARGET_NAME)";
				SWIFT_EMIT_LOC_STRINGS = NO;
				SWIFT_VERSION = 5.0;
				TARGETED_DEVICE_FAMILY = "1,2";
				TEST_HOST = "$(BUILT_PRODUCTS_DIR)/WaktaverseMusic.app/$(BUNDLE_EXECUTABLE_FOLDER_PATH)/WaktaverseMusic";
			};
			name = Release;
		};
		D8A5A3DB2916377300F9FAA5 /* Debug */ = {
			isa = XCBuildConfiguration;
			baseConfigurationReference = 5D368FB4B9B6D2D2F80C8C4E /* Pods-WaktaverseMusic-WaktaverseMusicUITests.debug.xcconfig */;
			buildSettings = {
				ALWAYS_EMBED_SWIFT_STANDARD_LIBRARIES = YES;
				CODE_SIGN_STYLE = Automatic;
				CURRENT_PROJECT_VERSION = 1;
				DEVELOPMENT_TEAM = 28NL63HBTJ;
				GENERATE_INFOPLIST_FILE = YES;
				MARKETING_VERSION = 1.0;
				PRODUCT_BUNDLE_IDENTIFIER = com.yongbeomkwak.WaktaverseMusicUITests;
				PRODUCT_NAME = "$(TARGET_NAME)";
				SWIFT_EMIT_LOC_STRINGS = NO;
				SWIFT_VERSION = 5.0;
				TARGETED_DEVICE_FAMILY = "1,2";
				TEST_TARGET_NAME = WaktaverseMusic;
			};
			name = Debug;
		};
		D8A5A3DC2916377300F9FAA5 /* Release */ = {
			isa = XCBuildConfiguration;
			baseConfigurationReference = 17B67386B0A09B9942106F2A /* Pods-WaktaverseMusic-WaktaverseMusicUITests.release.xcconfig */;
			buildSettings = {
				ALWAYS_EMBED_SWIFT_STANDARD_LIBRARIES = YES;
				CODE_SIGN_STYLE = Automatic;
				CURRENT_PROJECT_VERSION = 1;
				DEVELOPMENT_TEAM = 28NL63HBTJ;
				GENERATE_INFOPLIST_FILE = YES;
				MARKETING_VERSION = 1.0;
				PRODUCT_BUNDLE_IDENTIFIER = com.yongbeomkwak.WaktaverseMusicUITests;
				PRODUCT_NAME = "$(TARGET_NAME)";
				SWIFT_EMIT_LOC_STRINGS = NO;
				SWIFT_VERSION = 5.0;
				TARGETED_DEVICE_FAMILY = "1,2";
				TEST_TARGET_NAME = WaktaverseMusic;
			};
			name = Release;
		};
/* End XCBuildConfiguration section */

/* Begin XCConfigurationList section */
		D8A5A3A52916377200F9FAA5 /* Build configuration list for PBXProject "WaktaverseMusic" */ = {
			isa = XCConfigurationList;
			buildConfigurations = (
				D8A5A3D22916377300F9FAA5 /* Debug */,
				D8A5A3D32916377300F9FAA5 /* Release */,
			);
			defaultConfigurationIsVisible = 0;
			defaultConfigurationName = Release;
		};
		D8A5A3D42916377300F9FAA5 /* Build configuration list for PBXNativeTarget "WaktaverseMusic" */ = {
			isa = XCConfigurationList;
			buildConfigurations = (
				D8A5A3D52916377300F9FAA5 /* Debug */,
				D8A5A3D62916377300F9FAA5 /* Release */,
			);
			defaultConfigurationIsVisible = 0;
			defaultConfigurationName = Release;
		};
		D8A5A3D72916377300F9FAA5 /* Build configuration list for PBXNativeTarget "WaktaverseMusicTests" */ = {
			isa = XCConfigurationList;
			buildConfigurations = (
				D8A5A3D82916377300F9FAA5 /* Debug */,
				D8A5A3D92916377300F9FAA5 /* Release */,
			);
			defaultConfigurationIsVisible = 0;
			defaultConfigurationName = Release;
		};
		D8A5A3DA2916377300F9FAA5 /* Build configuration list for PBXNativeTarget "WaktaverseMusicUITests" */ = {
			isa = XCConfigurationList;
			buildConfigurations = (
				D8A5A3DB2916377300F9FAA5 /* Debug */,
				D8A5A3DC2916377300F9FAA5 /* Release */,
			);
			defaultConfigurationIsVisible = 0;
			defaultConfigurationName = Release;
		};
/* End XCConfigurationList section */
	};
	rootObject = D8A5A3A22916377200F9FAA5 /* Project object */;
}
